github.com/colinandzxx/go-consensus v0.0.0-20191023085306-db15833fd78c h1:YOi4SmmitCcIuBjHm7w8C9OqPwI/VC+6gUp/ArVVEn8=
github.com/colinandzxx/go-consensus v0.0.0-20191023085306-db15833fd78c/go.mod h1:oIHMhYWAYNvgPvHo3qDM/jdm37mm7q3s6mnD+UODLaA=
github.com/colinandzxx/go-consensus v0.0.0-20191120035224-277f923bd717 h1:V0Tcdt3u0+o6TFQZkjPVCVC7JNl5Lkq5QG7z2e+soyM=
github.com/colinandzxx/go-consensus v0.0.0-20191120035224-277f923bd717/go.mod h1:oIHMhYWAYNvgPvHo3qDM/jdm37mm7q3s6mnD+UODLaA=
github.com/davecgh/go-spew v1.1.0 h1:ZDRjVQ15GmhC3fiQ8ni8+OwkZQO4DARzQgrnXU1Liz8=
github.com/davecgh/go-spew v1.1.0/go.mod h1:J7Y8YcW2NihsgmVo/mv3lAwl/skON4iLHjSsI+c5H38=
github.com/moonfruit/go-shabal v0.0.0-20190704132617-8cd17efc8c99 h1:kxuxLQBbQhpy3xvRjzTE6FQmRFwffj3U/v/xqRDZ8hI=
github.com/moonfruit/go-shabal v0.0.0-20190704132617-8cd17efc8c99/go.mod h1:dzGQ9Am69WM2fyDgy1Us6eOB4nyxMJ8aSiHvCFlDqCE=
github.com/philhofer/fwd v1.0.0 h1:UbZqGr5Y38ApvM/V/jEljVxwocdweyH+vmYvRPBnbqQ=
github.com/philhofer/fwd v1.0.0/go.mod h1:gk3iGcWd9+svBvR0sR+KPcfE+RNWozjowpeBVG3ZVNU=
github.com/pmezard/go-difflib v1.0.0 h1:4DBwDE0NGyQoBHbLQYPwSUPoCMWR5BEzIk/f1lZbAQM=
github.com/pmezard/go-difflib v1.0.0/go.mod h1:iKH77koFhYxTK1pcRnkKkqfTogsbg7gZNVY4sRDYZ/4=
github.com/stretchr/objx v0.1.0/go.mod h1:HFkY916IF+rwdDfMAkV7OtwuqBVzrE8GR6GFx+wExME=
github.com/stretchr/testify v1.3.0 h1:TivCn/peBQ7UY8ooIcPgZFpTNSz0Q2U6UrFlUfqbe0Q=
github.com/stretchr/testify v1.3.0/go.mod h1:M5WIy9Dh21IEIfnGCwXGc5bZfKNJtfHm1UVUgZn+9EI=
github.com/tinylib/msgp v1.1.0 h1:9fQd+ICuRIu/ue4vxJZu6/LzxN0HwMds2nq/0cFvxHU=
github.com/tinylib/msgp v1.1.0/go.mod h1:+d+yLhGm8mzTaHzB+wgMYrodPfmZrzkirds8fDWklFE=
github.com/ttacon/chalk v0.0.0-20160626202418-22c06c80ed31/go.mod h1:onvgF043R+lC5RZ8IT9rBXDaEDnpnw/Cl+HFiw+v/7Q=
